
Microsoft Visual Studio Solution File, Format Version 12.00
# Visual Studio Version 17
VisualStudioVersion = 17.5.33516.290
MinimumVisualStudioVersion = 10.0.40219.1
Project("{9A19103F-16F7-4668-BE54-9A1E7A4F7556}") = "UserLogin", "UserLogin\UserLogin.csproj", "{B8259141-5CA6-4451-BDF1-74BF42E470E2}"
EndProject
Project("{FAE04EC0-301F-11D3-BF4B-00C04F79EFBC}") = "StudentInfoSystem", "StudentInfoSystem\StudentInfoSystem.csproj", "{476F97FD-93EB-4484-BD6E-8C4136558804}"
EndProject
Global
	GlobalSection(SolutionConfigurationPlatforms) = preSolution
		Debug|Any CPU = Debug|Any CPU
		Release|Any CPU = Release|Any CPU
	EndGlobalSection
	GlobalSection(ProjectConfigurationPlatforms) = postSolution
		{B8259141-5CA6-4451-BDF1-74BF42E470E2}.Debug|Any CPU.ActiveCfg = Debug|Any CPU
		{B8259141-5CA6-4451-BDF1-74BF42E470E2}.Debug|Any CPU.Build.0 = Debug|Any CPU
		{B8259141-5CA6-4451-BDF1-74BF42E470E2}.Release|Any CPU.ActiveCfg = Release|Any CPU
		{B8259141-5CA6-4451-BDF1-74BF42E470E2}.Release|Any CPU.Build.0 = Release|Any CPU
		{476F97FD-93EB-4484-BD6E-8C4136558804}.Debug|Any CPU.ActiveCfg = Debug|Any CPU
		{476F97FD-93EB-4484-BD6E-8C4136558804}.Debug|Any CPU.Build.0 = Debug|Any CPU
		{476F97FD-93EB-4484-BD6E-8C4136558804}.Release|Any CPU.ActiveCfg = Release|Any CPU
		{476F97FD-93EB-4484-BD6E-8C4136558804}.Release|Any CPU.Build.0 = Release|Any CPU
	EndGlobalSection
	GlobalSection(SolutionProperties) = preSolution
		HideSolutionNode = FALSE
	EndGlobalSection
	GlobalSection(ExtensibilityGlobals) = postSolution
		SolutionGuid = {7858221F-760E-4464-9A1A-17A501D078B2}
	EndGlobalSection
EndGlobal
